// !$*UTF8*$!
{
	archiveVersion = 1;
	classes = {
	};
	objectVersion = 56;
	objects = {

/* Begin PBXBuildFile section */
		362E114C29D986EE00D09F04 /* TestTimeView.swift in Sources */ = {isa = PBXBuildFile; fileRef = 362E114B29D986EE00D09F04 /* TestTimeView.swift */; };
		362E114E29D9E5AF00D09F04 /* TestTimeTextField.swift in Sources */ = {isa = PBXBuildFile; fileRef = 362E114D29D9E5AF00D09F04 /* TestTimeTextField.swift */; };
		3630DE0429D22CA900CEE04C /* AnimationView.swift in Sources */ = {isa = PBXBuildFile; fileRef = 3630DE0329D22CA900CEE04C /* AnimationView.swift */; };
		3630DE0729D239C200CEE04C /* StickersEnum.swift in Sources */ = {isa = PBXBuildFile; fileRef = 3630DE0629D239C200CEE04C /* StickersEnum.swift */; };
		3630DE0929D239EB00CEE04C /* AnimationError.swift in Sources */ = {isa = PBXBuildFile; fileRef = 3630DE0829D239EB00CEE04C /* AnimationError.swift */; };
		3630DE0C29D2E73300CEE04C /* StartView.swift in Sources */ = {isa = PBXBuildFile; fileRef = 3630DE0B29D2E73300CEE04C /* StartView.swift */; };
		3630DE0E29D2EAED00CEE04C /* DefaultButtonView.swift in Sources */ = {isa = PBXBuildFile; fileRef = 3630DE0D29D2EAED00CEE04C /* DefaultButtonView.swift */; };
		3630DE1029D2FD7100CEE04C /* CircleAnimation.swift in Sources */ = {isa = PBXBuildFile; fileRef = 3630DE0F29D2FD7100CEE04C /* CircleAnimation.swift */; };
		36318E7529CCE97600C3EC46 /* Lottie in Frameworks */ = {isa = PBXBuildFile; productRef = 36318E7429CCE97600C3EC46 /* Lottie */; };
		36318E9C29CCEF5C00C3EC46 /* Recovery Phrase.tgs in Resources */ = {isa = PBXBuildFile; fileRef = 36318E9129CCEF5C00C3EC46 /* Recovery Phrase.tgs */; };
		36318E9D29CCEF5C00C3EC46 /* Main.tgs in Resources */ = {isa = PBXBuildFile; fileRef = 36318E9229CCEF5C00C3EC46 /* Main.tgs */; };
		36318E9E29CCEF5C00C3EC46 /* Too Bad.tgs in Resources */ = {isa = PBXBuildFile; fileRef = 36318E9329CCEF5C00C3EC46 /* Too Bad.tgs */; };
		36318E9F29CCEF5C00C3EC46 /* Password.tgs in Resources */ = {isa = PBXBuildFile; fileRef = 36318E9429CCEF5C00C3EC46 /* Password.tgs */; };
		36318EA029CCEF5C00C3EC46 /* Created.tgs in Resources */ = {isa = PBXBuildFile; fileRef = 36318E9529CCEF5C00C3EC46 /* Created.tgs */; };
		36318EA129CCEF5C00C3EC46 /* Success.tgs in Resources */ = {isa = PBXBuildFile; fileRef = 36318E9629CCEF5C00C3EC46 /* Success.tgs */; };
		36318EA229CCEF5C00C3EC46 /* Waiting TON.tgs in Resources */ = {isa = PBXBuildFile; fileRef = 36318E9729CCEF5C00C3EC46 /* Waiting TON.tgs */; };
		36318EA329CCEF5C00C3EC46 /* Congratulations.tgs in Resources */ = {isa = PBXBuildFile; fileRef = 36318E9829CCEF5C00C3EC46 /* Congratulations.tgs */; };
		36318EA429CCEF5C00C3EC46 /* Start.tgs in Resources */ = {isa = PBXBuildFile; fileRef = 36318E9929CCEF5C00C3EC46 /* Start.tgs */; };
		36318EA529CCEF5C00C3EC46 /* Loading.tgs in Resources */ = {isa = PBXBuildFile; fileRef = 36318E9A29CCEF5C00C3EC46 /* Loading.tgs */; };
		36318EA629CCEF5C00C3EC46 /* Test Time.tgs in Resources */ = {isa = PBXBuildFile; fileRef = 36318E9B29CCEF5C00C3EC46 /* Test Time.tgs */; };
		36318EAA29CCFBEA00C3EC46 /* Zipper.swift in Sources */ = {isa = PBXBuildFile; fileRef = 36318EA929CCFBEA00C3EC46 /* Zipper.swift */; };
		3675C21929DE01D300E28FC9 /* PasscodeView.swift in Sources */ = {isa = PBXBuildFile; fileRef = 3675C21829DE01D300E28FC9 /* PasscodeView.swift */; };
		3675C21B29DE041D00E28FC9 /* CircleTextFieldView.swift in Sources */ = {isa = PBXBuildFile; fileRef = 3675C21A29DE041D00E28FC9 /* CircleTextFieldView.swift */; };
		36A6557429D30566004420A1 /* ColorExtension.swift in Sources */ = {isa = PBXBuildFile; fileRef = 36A6557329D30566004420A1 /* ColorExtension.swift */; };
		36A6557629D30989004420A1 /* FontExtension.swift in Sources */ = {isa = PBXBuildFile; fileRef = 36A6557529D30989004420A1 /* FontExtension.swift */; };
		36A6557829D30A84004420A1 /* CongratulationsView.swift in Sources */ = {isa = PBXBuildFile; fileRef = 36A6557729D30A84004420A1 /* CongratulationsView.swift */; };
		36A6557A29D30DAC004420A1 /* TitleView.swift in Sources */ = {isa = PBXBuildFile; fileRef = 36A6557929D30DAC004420A1 /* TitleView.swift */; };
		36A6557C29D30DFC004420A1 /* DescrView.swift in Sources */ = {isa = PBXBuildFile; fileRef = 36A6557B29D30DFC004420A1 /* DescrView.swift */; };
		36A6557E29D30E85004420A1 /* RecoveryPhraseView.swift in Sources */ = {isa = PBXBuildFile; fileRef = 36A6557D29D30E85004420A1 /* RecoveryPhraseView.swift */; };
		36A6558029D31CB7004420A1 /* PhraseTableView.swift in Sources */ = {isa = PBXBuildFile; fileRef = 36A6557F29D31CB7004420A1 /* PhraseTableView.swift */; };
		36EE71FC29CC8B3E0098FADB /* WalleTonApp.swift in Sources */ = {isa = PBXBuildFile; fileRef = 36EE71FB29CC8B3E0098FADB /* WalleTonApp.swift */; };
		36EE720029CC8B400098FADB /* Assets.xcassets in Resources */ = {isa = PBXBuildFile; fileRef = 36EE71FF29CC8B400098FADB /* Assets.xcassets */; };
		36EE720329CC8B400098FADB /* Preview Assets.xcassets in Resources */ = {isa = PBXBuildFile; fileRef = 36EE720229CC8B400098FADB /* Preview Assets.xcassets */; };
/* End PBXBuildFile section */

/* Begin PBXFileReference section */
		362E114B29D986EE00D09F04 /* TestTimeView.swift */ = {isa = PBXFileReference; lastKnownFileType = sourcecode.swift; path = TestTimeView.swift; sourceTree = "<group>"; };
		362E114D29D9E5AF00D09F04 /* TestTimeTextField.swift */ = {isa = PBXFileReference; lastKnownFileType = sourcecode.swift; path = TestTimeTextField.swift; sourceTree = "<group>"; };
		3630DE0329D22CA900CEE04C /* AnimationView.swift */ = {isa = PBXFileReference; lastKnownFileType = sourcecode.swift; path = AnimationView.swift; sourceTree = "<group>"; };
		3630DE0629D239C200CEE04C /* StickersEnum.swift */ = {isa = PBXFileReference; lastKnownFileType = sourcecode.swift; path = StickersEnum.swift; sourceTree = "<group>"; };
		3630DE0829D239EB00CEE04C /* AnimationError.swift */ = {isa = PBXFileReference; lastKnownFileType = sourcecode.swift; path = AnimationError.swift; sourceTree = "<group>"; };
		3630DE0B29D2E73300CEE04C /* StartView.swift */ = {isa = PBXFileReference; lastKnownFileType = sourcecode.swift; path = StartView.swift; sourceTree = "<group>"; };
		3630DE0D29D2EAED00CEE04C /* DefaultButtonView.swift */ = {isa = PBXFileReference; lastKnownFileType = sourcecode.swift; path = DefaultButtonView.swift; sourceTree = "<group>"; };
		3630DE0F29D2FD7100CEE04C /* CircleAnimation.swift */ = {isa = PBXFileReference; lastKnownFileType = sourcecode.swift; path = CircleAnimation.swift; sourceTree = "<group>"; };
		36318E9129CCEF5C00C3EC46 /* Recovery Phrase.tgs */ = {isa = PBXFileReference; lastKnownFileType = file; path = "Recovery Phrase.tgs"; sourceTree = "<group>"; };
		36318E9229CCEF5C00C3EC46 /* Main.tgs */ = {isa = PBXFileReference; lastKnownFileType = file; path = Main.tgs; sourceTree = "<group>"; };
		36318E9329CCEF5C00C3EC46 /* Too Bad.tgs */ = {isa = PBXFileReference; lastKnownFileType = file; path = "Too Bad.tgs"; sourceTree = "<group>"; };
		36318E9429CCEF5C00C3EC46 /* Password.tgs */ = {isa = PBXFileReference; lastKnownFileType = file; path = Password.tgs; sourceTree = "<group>"; };
		36318E9529CCEF5C00C3EC46 /* Created.tgs */ = {isa = PBXFileReference; lastKnownFileType = file; path = Created.tgs; sourceTree = "<group>"; };
		36318E9629CCEF5C00C3EC46 /* Success.tgs */ = {isa = PBXFileReference; lastKnownFileType = file; path = Success.tgs; sourceTree = "<group>"; };
		36318E9729CCEF5C00C3EC46 /* Waiting TON.tgs */ = {isa = PBXFileReference; lastKnownFileType = file; path = "Waiting TON.tgs"; sourceTree = "<group>"; };
		36318E9829CCEF5C00C3EC46 /* Congratulations.tgs */ = {isa = PBXFileReference; lastKnownFileType = file; path = Congratulations.tgs; sourceTree = "<group>"; };
		36318E9929CCEF5C00C3EC46 /* Start.tgs */ = {isa = PBXFileReference; lastKnownFileType = file; path = Start.tgs; sourceTree = "<group>"; };
		36318E9A29CCEF5C00C3EC46 /* Loading.tgs */ = {isa = PBXFileReference; lastKnownFileType = file; path = Loading.tgs; sourceTree = "<group>"; };
		36318E9B29CCEF5C00C3EC46 /* Test Time.tgs */ = {isa = PBXFileReference; lastKnownFileType = file; path = "Test Time.tgs"; sourceTree = "<group>"; };
		36318EA929CCFBEA00C3EC46 /* Zipper.swift */ = {isa = PBXFileReference; lastKnownFileType = sourcecode.swift; path = Zipper.swift; sourceTree = "<group>"; };
		3675C21829DE01D300E28FC9 /* PasscodeView.swift */ = {isa = PBXFileReference; lastKnownFileType = sourcecode.swift; path = PasscodeView.swift; sourceTree = "<group>"; };
		3675C21A29DE041D00E28FC9 /* CircleTextFieldView.swift */ = {isa = PBXFileReference; lastKnownFileType = sourcecode.swift; path = CircleTextFieldView.swift; sourceTree = "<group>"; };
		36A6557329D30566004420A1 /* ColorExtension.swift */ = {isa = PBXFileReference; lastKnownFileType = sourcecode.swift; path = ColorExtension.swift; sourceTree = "<group>"; };
		36A6557529D30989004420A1 /* FontExtension.swift */ = {isa = PBXFileReference; lastKnownFileType = sourcecode.swift; path = FontExtension.swift; sourceTree = "<group>"; };
		36A6557729D30A84004420A1 /* CongratulationsView.swift */ = {isa = PBXFileReference; lastKnownFileType = sourcecode.swift; path = CongratulationsView.swift; sourceTree = "<group>"; };
		36A6557929D30DAC004420A1 /* TitleView.swift */ = {isa = PBXFileReference; lastKnownFileType = sourcecode.swift; path = TitleView.swift; sourceTree = "<group>"; };
		36A6557B29D30DFC004420A1 /* DescrView.swift */ = {isa = PBXFileReference; lastKnownFileType = sourcecode.swift; path = DescrView.swift; sourceTree = "<group>"; };
		36A6557D29D30E85004420A1 /* RecoveryPhraseView.swift */ = {isa = PBXFileReference; lastKnownFileType = sourcecode.swift; path = RecoveryPhraseView.swift; sourceTree = "<group>"; };
		36A6557F29D31CB7004420A1 /* PhraseTableView.swift */ = {isa = PBXFileReference; lastKnownFileType = sourcecode.swift; path = PhraseTableView.swift; sourceTree = "<group>"; };
		36EE71F829CC8B3E0098FADB /* WalleTon.app */ = {isa = PBXFileReference; explicitFileType = wrapper.application; includeInIndex = 0; path = WalleTon.app; sourceTree = BUILT_PRODUCTS_DIR; };
		36EE71FB29CC8B3E0098FADB /* WalleTonApp.swift */ = {isa = PBXFileReference; lastKnownFileType = sourcecode.swift; path = WalleTonApp.swift; sourceTree = "<group>"; };
		36EE71FF29CC8B400098FADB /* Assets.xcassets */ = {isa = PBXFileReference; lastKnownFileType = folder.assetcatalog; path = Assets.xcassets; sourceTree = "<group>"; };
		36EE720229CC8B400098FADB /* Preview Assets.xcassets */ = {isa = PBXFileReference; lastKnownFileType = folder.assetcatalog; path = "Preview Assets.xcassets"; sourceTree = "<group>"; };
/* End PBXFileReference section */

/* Begin PBXFrameworksBuildPhase section */
		36EE71F529CC8B3E0098FADB /* Frameworks */ = {
			isa = PBXFrameworksBuildPhase;
			buildActionMask = 2147483647;
			files = (
				36318E7529CCE97600C3EC46 /* Lottie in Frameworks */,
			);
			runOnlyForDeploymentPostprocessing = 0;
		};
/* End PBXFrameworksBuildPhase section */

/* Begin PBXGroup section */
		3630DE0529D239A200CEE04C /* AnimationView */ = {
			isa = PBXGroup;
			children = (
				3630DE0329D22CA900CEE04C /* AnimationView.swift */,
				3630DE0629D239C200CEE04C /* StickersEnum.swift */,
				3630DE0829D239EB00CEE04C /* AnimationError.swift */,
			);
			path = AnimationView;
			sourceTree = "<group>";
		};
		3630DE0A29D2E6D500CEE04C /* CreateWallet */ = {
			isa = PBXGroup;
			children = (
				3630DE0B29D2E73300CEE04C /* StartView.swift */,
				36A6557729D30A84004420A1 /* CongratulationsView.swift */,
				36A6557D29D30E85004420A1 /* RecoveryPhraseView.swift */,
				362E114B29D986EE00D09F04 /* TestTimeView.swift */,
				362E114D29D9E5AF00D09F04 /* TestTimeTextField.swift */,
				3675C21829DE01D300E28FC9 /* PasscodeView.swift */,
				3675C21A29DE041D00E28FC9 /* CircleTextFieldView.swift */,
			);
			path = CreateWallet;
			sourceTree = "<group>";
		};
		36318E9029CCEF5C00C3EC46 /* Stickers */ = {
			isa = PBXGroup;
			children = (
				36318E9129CCEF5C00C3EC46 /* Recovery Phrase.tgs */,
				36318E9229CCEF5C00C3EC46 /* Main.tgs */,
				36318E9329CCEF5C00C3EC46 /* Too Bad.tgs */,
				36318E9429CCEF5C00C3EC46 /* Password.tgs */,
				36318E9529CCEF5C00C3EC46 /* Created.tgs */,
				36318E9629CCEF5C00C3EC46 /* Success.tgs */,
				36318E9729CCEF5C00C3EC46 /* Waiting TON.tgs */,
				36318E9829CCEF5C00C3EC46 /* Congratulations.tgs */,
				36318E9929CCEF5C00C3EC46 /* Start.tgs */,
				36318E9A29CCEF5C00C3EC46 /* Loading.tgs */,
				36318E9B29CCEF5C00C3EC46 /* Test Time.tgs */,
			);
			path = Stickers;
			sourceTree = "<group>";
		};
		36EE71EF29CC8B3E0098FADB = {
			isa = PBXGroup;
			children = (
				36EE71FA29CC8B3E0098FADB /* WalleTon */,
				36EE71F929CC8B3E0098FADB /* Products */,
			);
			sourceTree = "<group>";
		};
		36EE71F929CC8B3E0098FADB /* Products */ = {
			isa = PBXGroup;
			children = (
				36EE71F829CC8B3E0098FADB /* WalleTon.app */,
			);
			name = Products;
			sourceTree = "<group>";
		};
		36EE71FA29CC8B3E0098FADB /* WalleTon */ = {
			isa = PBXGroup;
			children = (
				3630DE0A29D2E6D500CEE04C /* CreateWallet */,
				36318E9029CCEF5C00C3EC46 /* Stickers */,
				36EE71FB29CC8B3E0098FADB /* WalleTonApp.swift */,
				3630DE0529D239A200CEE04C /* AnimationView */,
				36318EA929CCFBEA00C3EC46 /* Zipper.swift */,
				36EE71FF29CC8B400098FADB /* Assets.xcassets */,
				36EE720129CC8B400098FADB /* Preview Content */,
				3630DE0D29D2EAED00CEE04C /* DefaultButtonView.swift */,
				3630DE0F29D2FD7100CEE04C /* CircleAnimation.swift */,
				36A6557329D30566004420A1 /* ColorExtension.swift */,
				36A6557529D30989004420A1 /* FontExtension.swift */,
				36A6557929D30DAC004420A1 /* TitleView.swift */,
				36A6557B29D30DFC004420A1 /* DescrView.swift */,
				36A6557F29D31CB7004420A1 /* PhraseTableView.swift */,
			);
			path = WalleTon;
			sourceTree = "<group>";
		};
		36EE720129CC8B400098FADB /* Preview Content */ = {
			isa = PBXGroup;
			children = (
				36EE720229CC8B400098FADB /* Preview Assets.xcassets */,
			);
			path = "Preview Content";
			sourceTree = "<group>";
		};
/* End PBXGroup section */

/* Begin PBXNativeTarget section */
		36EE71F729CC8B3E0098FADB /* WalleTon */ = {
			isa = PBXNativeTarget;
			buildConfigurationList = 36EE720629CC8B400098FADB /* Build configuration list for PBXNativeTarget "WalleTon" */;
			buildPhases = (
				36EE71F429CC8B3E0098FADB /* Sources */,
				36EE71F529CC8B3E0098FADB /* Frameworks */,
				36EE71F629CC8B3E0098FADB /* Resources */,
			);
			buildRules = (
			);
			dependencies = (
			);
			name = WalleTon;
			packageProductDependencies = (
				36318E7429CCE97600C3EC46 /* Lottie */,
			);
			productName = WalleTon;
			productReference = 36EE71F829CC8B3E0098FADB /* WalleTon.app */;
			productType = "com.apple.product-type.application";
		};
/* End PBXNativeTarget section */

/* Begin PBXProject section */
		36EE71F029CC8B3E0098FADB /* Project object */ = {
			isa = PBXProject;
			attributes = {
				BuildIndependentTargetsInParallel = 1;
				LastSwiftUpdateCheck = 1410;
				LastUpgradeCheck = 1410;
				TargetAttributes = {
					36EE71F729CC8B3E0098FADB = {
						CreatedOnToolsVersion = 14.1;
						LastSwiftMigration = 1410;
					};
				};
			};
			buildConfigurationList = 36EE71F329CC8B3E0098FADB /* Build configuration list for PBXProject "WalleTon" */;
			compatibilityVersion = "Xcode 14.0";
			developmentRegion = en;
			hasScannedForEncodings = 0;
			knownRegions = (
				en,
				Base,
			);
			mainGroup = 36EE71EF29CC8B3E0098FADB;
			packageReferences = (
				36318E7329CCE97600C3EC46 /* XCRemoteSwiftPackageReference "lottie-spm" */,
			);
			productRefGroup = 36EE71F929CC8B3E0098FADB /* Products */;
			projectDirPath = "";
			projectRoot = "";
			targets = (
				36EE71F729CC8B3E0098FADB /* WalleTon */,
			);
		};
/* End PBXProject section */

/* Begin PBXResourcesBuildPhase section */
		36EE71F629CC8B3E0098FADB /* Resources */ = {
			isa = PBXResourcesBuildPhase;
			buildActionMask = 2147483647;
			files = (
				36318EA429CCEF5C00C3EC46 /* Start.tgs in Resources */,
				36318EA129CCEF5C00C3EC46 /* Success.tgs in Resources */,
				36318EA629CCEF5C00C3EC46 /* Test Time.tgs in Resources */,
				36318E9C29CCEF5C00C3EC46 /* Recovery Phrase.tgs in Resources */,
				36318E9D29CCEF5C00C3EC46 /* Main.tgs in Resources */,
				36318EA029CCEF5C00C3EC46 /* Created.tgs in Resources */,
				36318EA529CCEF5C00C3EC46 /* Loading.tgs in Resources */,
				36EE720329CC8B400098FADB /* Preview Assets.xcassets in Resources */,
				36318E9F29CCEF5C00C3EC46 /* Password.tgs in Resources */,
				36318EA329CCEF5C00C3EC46 /* Congratulations.tgs in Resources */,
				36318EA229CCEF5C00C3EC46 /* Waiting TON.tgs in Resources */,
				36318E9E29CCEF5C00C3EC46 /* Too Bad.tgs in Resources */,
				36EE720029CC8B400098FADB /* Assets.xcassets in Resources */,
			);
			runOnlyForDeploymentPostprocessing = 0;
		};
/* End PBXResourcesBuildPhase section */

/* Begin PBXSourcesBuildPhase section */
		36EE71F429CC8B3E0098FADB /* Sources */ = {
			isa = PBXSourcesBuildPhase;
			buildActionMask = 2147483647;
			files = (
				36A6557E29D30E85004420A1 /* RecoveryPhraseView.swift in Sources */,
				3675C21B29DE041D00E28FC9 /* CircleTextFieldView.swift in Sources */,
				3630DE0929D239EB00CEE04C /* AnimationError.swift in Sources */,
				36A6557C29D30DFC004420A1 /* DescrView.swift in Sources */,
				3630DE1029D2FD7100CEE04C /* CircleAnimation.swift in Sources */,
				3630DE0429D22CA900CEE04C /* AnimationView.swift in Sources */,
				36A6558029D31CB7004420A1 /* PhraseTableView.swift in Sources */,
				3675C21929DE01D300E28FC9 /* PasscodeView.swift in Sources */,
				36A6557829D30A84004420A1 /* CongratulationsView.swift in Sources */,
				362E114C29D986EE00D09F04 /* TestTimeView.swift in Sources */,
				3630DE0729D239C200CEE04C /* StickersEnum.swift in Sources */,
				36318EAA29CCFBEA00C3EC46 /* Zipper.swift in Sources */,
				36EE71FC29CC8B3E0098FADB /* WalleTonApp.swift in Sources */,
				362E114E29D9E5AF00D09F04 /* TestTimeTextField.swift in Sources */,
				3630DE0E29D2EAED00CEE04C /* DefaultButtonView.swift in Sources */,
				3630DE0C29D2E73300CEE04C /* StartView.swift in Sources */,
				36A6557629D30989004420A1 /* FontExtension.swift in Sources */,
				36A6557A29D30DAC004420A1 /* TitleView.swift in Sources */,
				36A6557429D30566004420A1 /* ColorExtension.swift in Sources */,
			);
			runOnlyForDeploymentPostprocessing = 0;
		};
/* End PBXSourcesBuildPhase section */

/* Begin XCBuildConfiguration section */
		36EE720429CC8B400098FADB /* Debug */ = {
			isa = XCBuildConfiguration;
			buildSettings = {
				ALWAYS_SEARCH_USER_PATHS = NO;
				CLANG_ANALYZER_NONNULL = YES;
				CLANG_ANALYZER_NUMBER_OBJECT_CONVERSION = YES_AGGRESSIVE;
				CLANG_CXX_LANGUAGE_STANDARD = "gnu++20";
				CLANG_ENABLE_MODULES = YES;
				CLANG_ENABLE_OBJC_ARC = YES;
				CLANG_ENABLE_OBJC_WEAK = YES;
				CLANG_WARN_BLOCK_CAPTURE_AUTORELEASING = YES;
				CLANG_WARN_BOOL_CONVERSION = YES;
				CLANG_WARN_COMMA = YES;
				CLANG_WARN_CONSTANT_CONVERSION = YES;
				CLANG_WARN_DEPRECATED_OBJC_IMPLEMENTATIONS = YES;
				CLANG_WARN_DIRECT_OBJC_ISA_USAGE = YES_ERROR;
				CLANG_WARN_DOCUMENTATION_COMMENTS = YES;
				CLANG_WARN_EMPTY_BODY = YES;
				CLANG_WARN_ENUM_CONVERSION = YES;
				CLANG_WARN_INFINITE_RECURSION = YES;
				CLANG_WARN_INT_CONVERSION = YES;
				CLANG_WARN_NON_LITERAL_NULL_CONVERSION = YES;
				CLANG_WARN_OBJC_IMPLICIT_RETAIN_SELF = YES;
				CLANG_WARN_OBJC_LITERAL_CONVERSION = YES;
				CLANG_WARN_OBJC_ROOT_CLASS = YES_ERROR;
				CLANG_WARN_QUOTED_INCLUDE_IN_FRAMEWORK_HEADER = YES;
				CLANG_WARN_RANGE_LOOP_ANALYSIS = YES;
				CLANG_WARN_STRICT_PROTOTYPES = YES;
				CLANG_WARN_SUSPICIOUS_MOVE = YES;
				CLANG_WARN_UNGUARDED_AVAILABILITY = YES_AGGRESSIVE;
				CLANG_WARN_UNREACHABLE_CODE = YES;
				CLANG_WARN__DUPLICATE_METHOD_MATCH = YES;
				COPY_PHASE_STRIP = NO;
				DEBUG_INFORMATION_FORMAT = dwarf;
				ENABLE_STRICT_OBJC_MSGSEND = YES;
				ENABLE_TESTABILITY = YES;
				GCC_C_LANGUAGE_STANDARD = gnu11;
				GCC_DYNAMIC_NO_PIC = NO;
				GCC_NO_COMMON_BLOCKS = YES;
				GCC_OPTIMIZATION_LEVEL = 0;
				GCC_PREPROCESSOR_DEFINITIONS = (
					"DEBUG=1",
					"$(inherited)",
				);
				GCC_WARN_64_TO_32_BIT_CONVERSION = YES;
				GCC_WARN_ABOUT_RETURN_TYPE = YES_ERROR;
				GCC_WARN_UNDECLARED_SELECTOR = YES;
				GCC_WARN_UNINITIALIZED_AUTOS = YES_AGGRESSIVE;
				GCC_WARN_UNUSED_FUNCTION = YES;
				GCC_WARN_UNUSED_VARIABLE = YES;
				IPHONEOS_DEPLOYMENT_TARGET = 14.0;
				MTL_ENABLE_DEBUG_INFO = INCLUDE_SOURCE;
				MTL_FAST_MATH = YES;
				ONLY_ACTIVE_ARCH = YES;
				SDKROOT = iphoneos;
				SWIFT_ACTIVE_COMPILATION_CONDITIONS = DEBUG;
				SWIFT_OPTIMIZATION_LEVEL = "-Onone";
			};
			name = Debug;
		};
		36EE720529CC8B400098FADB /* Release */ = {
			isa = XCBuildConfiguration;
			buildSettings = {
				ALWAYS_SEARCH_USER_PATHS = NO;
				CLANG_ANALYZER_NONNULL = YES;
				CLANG_ANALYZER_NUMBER_OBJECT_CONVERSION = YES_AGGRESSIVE;
				CLANG_CXX_LANGUAGE_STANDARD = "gnu++20";
				CLANG_ENABLE_MODULES = YES;
				CLANG_ENABLE_OBJC_ARC = YES;
				CLANG_ENABLE_OBJC_WEAK = YES;
				CLANG_WARN_BLOCK_CAPTURE_AUTORELEASING = YES;
				CLANG_WARN_BOOL_CONVERSION = YES;
				CLANG_WARN_COMMA = YES;
				CLANG_WARN_CONSTANT_CONVERSION = YES;
				CLANG_WARN_DEPRECATED_OBJC_IMPLEMENTATIONS = YES;
				CLANG_WARN_DIRECT_OBJC_ISA_USAGE = YES_ERROR;
				CLANG_WARN_DOCUMENTATION_COMMENTS = YES;
				CLANG_WARN_EMPTY_BODY = YES;
				CLANG_WARN_ENUM_CONVERSION = YES;
				CLANG_WARN_INFINITE_RECURSION = YES;
				CLANG_WARN_INT_CONVERSION = YES;
				CLANG_WARN_NON_LITERAL_NULL_CONVERSION = YES;
				CLANG_WARN_OBJC_IMPLICIT_RETAIN_SELF = YES;
				CLANG_WARN_OBJC_LITERAL_CONVERSION = YES;
				CLANG_WARN_OBJC_ROOT_CLASS = YES_ERROR;
				CLANG_WARN_QUOTED_INCLUDE_IN_FRAMEWORK_HEADER = YES;
				CLANG_WARN_RANGE_LOOP_ANALYSIS = YES;
				CLANG_WARN_STRICT_PROTOTYPES = YES;
				CLANG_WARN_SUSPICIOUS_MOVE = YES;
				CLANG_WARN_UNGUARDED_AVAILABILITY = YES_AGGRESSIVE;
				CLANG_WARN_UNREACHABLE_CODE = YES;
				CLANG_WARN__DUPLICATE_METHOD_MATCH = YES;
				COPY_PHASE_STRIP = NO;
				DEBUG_INFORMATION_FORMAT = "dwarf-with-dsym";
				ENABLE_NS_ASSERTIONS = NO;
				ENABLE_STRICT_OBJC_MSGSEND = YES;
				GCC_C_LANGUAGE_STANDARD = gnu11;
				GCC_NO_COMMON_BLOCKS = YES;
				GCC_WARN_64_TO_32_BIT_CONVERSION = YES;
				GCC_WARN_ABOUT_RETURN_TYPE = YES_ERROR;
				GCC_WARN_UNDECLARED_SELECTOR = YES;
				GCC_WARN_UNINITIALIZED_AUTOS = YES_AGGRESSIVE;
				GCC_WARN_UNUSED_FUNCTION = YES;
				GCC_WARN_UNUSED_VARIABLE = YES;
				IPHONEOS_DEPLOYMENT_TARGET = 14.0;
				MTL_ENABLE_DEBUG_INFO = NO;
				MTL_FAST_MATH = YES;
				SDKROOT = iphoneos;
				SWIFT_COMPILATION_MODE = wholemodule;
				SWIFT_OPTIMIZATION_LEVEL = "-O";
				VALIDATE_PRODUCT = YES;
			};
			name = Release;
		};
		36EE720729CC8B400098FADB /* Debug */ = {
			isa = XCBuildConfiguration;
			buildSettings = {
				ASSETCATALOG_COMPILER_APPICON_NAME = AppIcon;
				ASSETCATALOG_COMPILER_GLOBAL_ACCENT_COLOR_NAME = AccentColor;
				CODE_SIGN_IDENTITY = "Apple Development";
				CODE_SIGN_STYLE = Automatic;
				CURRENT_PROJECT_VERSION = 1;
				DEVELOPMENT_ASSET_PATHS = "\"WalleTon/Preview Content\"";
				DEVELOPMENT_TEAM = TSDW7DG47P;
				ENABLE_PREVIEWS = YES;
				GENERATE_INFOPLIST_FILE = YES;
				INFOPLIST_KEY_UIApplicationSceneManifest_Generation = YES;
				INFOPLIST_KEY_UIApplicationSupportsIndirectInputEvents = YES;
				INFOPLIST_KEY_UILaunchScreen_Generation = YES;
				INFOPLIST_KEY_UISupportedInterfaceOrientations_iPad = "UIInterfaceOrientationPortrait UIInterfaceOrientationPortraitUpsideDown UIInterfaceOrientationLandscapeLeft UIInterfaceOrientationLandscapeRight";
				INFOPLIST_KEY_UISupportedInterfaceOrientations_iPhone = "UIInterfaceOrientationPortrait UIInterfaceOrientationLandscapeLeft UIInterfaceOrientationLandscapeRight";
				IPHONEOS_DEPLOYMENT_TARGET = 14.0;
				LD_RUNPATH_SEARCH_PATHS = (
					"$(inherited)",
					"@executable_path/Frameworks",
				);
				MARKETING_VERSION = 1.0;
				PRODUCT_BUNDLE_IDENTIFIER = arseni.WalleTon;
				PRODUCT_NAME = "$(TARGET_NAME)";
				PROVISIONING_PROFILE_SPECIFIER = "";
				SWIFT_EMIT_LOC_STRINGS = YES;
				SWIFT_VERSION = 5.0;
				TARGETED_DEVICE_FAMILY = "1,2";
			};
			name = Debug;
		};
		36EE720829CC8B400098FADB /* Release */ = {
			isa = XCBuildConfiguration;
			buildSettings = {
				ASSETCATALOG_COMPILER_APPICON_NAME = AppIcon;
				ASSETCATALOG_COMPILER_GLOBAL_ACCENT_COLOR_NAME = AccentColor;
				CODE_SIGN_IDENTITY = "Apple Development";
				CODE_SIGN_STYLE = Automatic;
				CURRENT_PROJECT_VERSION = 1;
				DEVELOPMENT_ASSET_PATHS = "\"WalleTon/Preview Content\"";
				DEVELOPMENT_TEAM = TSDW7DG47P;
				ENABLE_PREVIEWS = YES;
				GENERATE_INFOPLIST_FILE = YES;
				INFOPLIST_KEY_UIApplicationSceneManifest_Generation = YES;
				INFOPLIST_KEY_UIApplicationSupportsIndirectInputEvents = YES;
				INFOPLIST_KEY_UILaunchScreen_Generation = YES;
				INFOPLIST_KEY_UISupportedInterfaceOrientations_iPad = "UIInterfaceOrientationPortrait UIInterfaceOrientationPortraitUpsideDown UIInterfaceOrientationLandscapeLeft UIInterfaceOrientationLandscapeRight";
				INFOPLIST_KEY_UISupportedInterfaceOrientations_iPhone = "UIInterfaceOrientationPortrait UIInterfaceOrientationLandscapeLeft UIInterfaceOrientationLandscapeRight";
				IPHONEOS_DEPLOYMENT_TARGET = 14.0;
				LD_RUNPATH_SEARCH_PATHS = (
					"$(inherited)",
					"@executable_path/Frameworks",
				);
				MARKETING_VERSION = 1.0;
				PRODUCT_BUNDLE_IDENTIFIER = arseni.WalleTon;
				PRODUCT_NAME = "$(TARGET_NAME)";
				PROVISIONING_PROFILE_SPECIFIER = "";
				SWIFT_EMIT_LOC_STRINGS = YES;
				SWIFT_OBJC_BRIDGING_HEADER = "WalleTon-Bridging-Header.h";
				SWIFT_VERSION = 5.0;
				TARGETED_DEVICE_FAMILY = "1,2";
			};
			name = Release;
		};
/* End XCBuildConfiguration section */

/* Begin XCConfigurationList section */
		36EE71F329CC8B3E0098FADB /* Build configuration list for PBXProject "WalleTon" */ = {
			isa = XCConfigurationList;
			buildConfigurations = (
				36EE720429CC8B400098FADB /* Debug */,
				36EE720529CC8B400098FADB /* Release */,
			);
			defaultConfigurationIsVisible = 0;
			defaultConfigurationName = Release;
		};
		36EE720629CC8B400098FADB /* Build configuration list for PBXNativeTarget "WalleTon" */ = {
			isa = XCConfigurationList;
			buildConfigurations = (
				36EE720729CC8B400098FADB /* Debug */,
				36EE720829CC8B400098FADB /* Release */,
			);
			defaultConfigurationIsVisible = 0;
			defaultConfigurationName = Release;
		};
/* End XCConfigurationList section */

/* Begin XCRemoteSwiftPackageReference section */
		36318E7329CCE97600C3EC46 /* XCRemoteSwiftPackageReference "lottie-spm" */ = {
			isa = XCRemoteSwiftPackageReference;
			repositoryURL = "https://github.com/airbnb/lottie-spm.git";
			requirement = {
				kind = exactVersion;
				version = 4.1.3;
			};
		};
/* End XCRemoteSwiftPackageReference section */

/* Begin XCSwiftPackageProductDependency section */
		36318E7429CCE97600C3EC46 /* Lottie */ = {
			isa = XCSwiftPackageProductDependency;
			package = 36318E7329CCE97600C3EC46 /* XCRemoteSwiftPackageReference "lottie-spm" */;
			productName = Lottie;
		};
/* End XCSwiftPackageProductDependency section */
	};
	rootObject = 36EE71F029CC8B3E0098FADB /* Project object */;
}
